// !$*UTF8*$!
{
	archiveVersion = 1;
	classes = {
	};
	objectVersion = 46;
	objects = {
/* Begin PBXBuildFile section */
		223A89461E89CDC70092741E /* MiniApp.jsbundle in Resources */ = {isa = PBXBuildFile; fileRef = 223A89451E89CDC70092741E /* MiniApp.jsbundle */; };
		22BF1FEB1E8DAAF800E7F500 /* assets in Resources */ = {isa = PBXBuildFile; fileRef = 22BF1FEA1E8DAAF800E7F500 /* assets */; };
		301CB9021F33F3450048C58B /* NSBundle+frameworkBundle.m in Sources */ = {isa = PBXBuildFile; fileRef = 301CB9001F33F3450048C58B /* NSBundle+frameworkBundle.m */; };
		301CB9031F33F3450048C58B /* NSBundle+frameworkBundle.h in Headers */ = {isa = PBXBuildFile; fileRef = 301CB9011F33F3450048C58B /* NSBundle+frameworkBundle.h */; };
		304000E82098E1F000BF751C /* ElectrodePluginConfig.h in Headers */ = {isa = PBXBuildFile; fileRef = 304000E72098E1F000BF751C /* ElectrodePluginConfig.h */; settings = {ATTRIBUTES = (Public, ); }; };
		30F8CDEE1E67946E00413247 /* ElectrodeReactNative_Internal.h in Headers */ = {isa = PBXBuildFile; fileRef = 30F8CDED1E67946E00413247 /* ElectrodeReactNative_Internal.h */; };
		485009ED1E2FF23C009B6610 /* ElectrodeContainer.framework in Frameworks */ = {isa = PBXBuildFile; fileRef = 485009E31E2FF23B009B6610 /* ElectrodeContainer.framework */; };
		485009F41E2FF23C009B6610 /* ElectrodeContainer.h in Headers */ = {isa = PBXBuildFile; fileRef = 485009E61E2FF23B009B6610 /* ElectrodeContainer.h */; settings = {ATTRIBUTES = (Public, ); }; };
		48500A981E2FF55B009B6610 /* ElectrodeReactNative.h in Headers */ = {isa = PBXBuildFile; fileRef = 48500A961E2FF55B009B6610 /* ElectrodeReactNative.h */; settings = {ATTRIBUTES = (Public, ); }; };
		48500A991E2FF55B009B6610 /* ElectrodeReactNative.m in Sources */ = {isa = PBXBuildFile; fileRef = 48500A971E2FF55B009B6610 /* ElectrodeReactNative.m */; };
		968333D71E54E3470031C565 /* ElectrodeBridgeDelegate.h in Headers */ = {isa = PBXBuildFile; fileRef = 968333D51E54E3470031C565 /* ElectrodeBridgeDelegate.h */; };
		968333D81E54E3470031C565 /* ElectrodeBridgeDelegate.m in Sources */ = {isa = PBXBuildFile; fileRef = 968333D61E54E3470031C565 /* ElectrodeBridgeDelegate.m */; };
		3E82537E49D340CFB9C441A2 /* libReact.a in Frameworks */ = {isa = PBXBuildFile; fileRef = 9EACB79BA91C40E28389E4CB /* libReact.a */; };
		1B863F93DAD94C08838228B6 /* libRCTActionSheet.a in Frameworks */ = {isa = PBXBuildFile; fileRef = B2CC4CDF1AD747A781411759 /* libRCTActionSheet.a */; };
		8A02718144454132B13FF0D9 /* libRCTImage.a in Frameworks */ = {isa = PBXBuildFile; fileRef = 8AEAAB8C24954E2B926659A0 /* libRCTImage.a */; };
		9A5DFA1F7191401B8516867C /* libRCTAnimation.a in Frameworks */ = {isa = PBXBuildFile; fileRef = 0C78A6CCE17E4CEAAE7B131E /* libRCTAnimation.a */; };
		ED8A7A52C28D499DA73F327A /* libRCTText.a in Frameworks */ = {isa = PBXBuildFile; fileRef = 96FCB25D7DED423B9F6FA4AC /* libRCTText.a */; };
		0AB387047A4E4AB5AB9439CF /* libRCTWebSocket.a in Frameworks */ = {isa = PBXBuildFile; fileRef = 2C69F2E90C934491A32917C4 /* libRCTWebSocket.a */; };
		FC1B282005F4439CB5B746C9 /* libRCTGeolocation.a in Frameworks */ = {isa = PBXBuildFile; fileRef = 58CAC9D390F140C7B0A20EEF /* libRCTGeolocation.a */; };
		0777CD599C5C4DEAA7F69813 /* libRCTLinking.a in Frameworks */ = {isa = PBXBuildFile; fileRef = 8C9F7723AEB04E50B0B788A8 /* libRCTLinking.a */; };
		8A8C492E00AA4AE0B7EC7E4B /* libRCTNetwork.a in Frameworks */ = {isa = PBXBuildFile; fileRef = 7E48F84B05444E21BA2B6ECB /* libRCTNetwork.a */; };
		7CD62769B1B5404F80366F90 /* libRCTSettings.a in Frameworks */ = {isa = PBXBuildFile; fileRef = 96F8FD5E05F7494F9E8A5720 /* libRCTSettings.a */; };
		F110B7B0758546E5A1BA38F0 /* libRCTVibration.a in Frameworks */ = {isa = PBXBuildFile; fileRef = E82DA2A87E244A87B09687EC /* libRCTVibration.a */; };
		36275F106B064187906A2171 /* libRCTCameraRoll.a in Frameworks */ = {isa = PBXBuildFile; fileRef = 171BF6BF2A2C4E9983872E7F /* libRCTCameraRoll.a */; };
		1740A17155E843839812E3B9 /* libART.a in Frameworks */ = {isa = PBXBuildFile; fileRef = 2D1200536AE648DF8DE08CA4 /* libART.a */; };
		C6305F0BED14440AAE19350B /* JavaScriptCore.framework in Frameworks */ = {isa = PBXBuildFile; fileRef = FF169415B40E452B8ED03EB9 /* JavaScriptCore.framework */; };
/* End PBXBuildFile section */

/* Begin PBXContainerItemProxy section */
		485009EE1E2FF23C009B6610 /* PBXContainerItemProxy */ = {
			isa = PBXContainerItemProxy;
			containerPortal = 485009DA1E2FF23B009B6610 /* Project object */;
			proxyType = 1;
			remoteGlobalIDString = 485009E21E2FF23B009B6610;
			remoteInfo = ElectrodeContainer;
		};
		EC44F5594DBB4BF3A4FFCBBA /* PBXContainerItemProxy */ = {
			isa = PBXContainerItemProxy;
			containerPortal = 9249A173AA65496B9E434E48 /* React.xcodeproj */;
			proxyType = 1;
			remoteGlobalIDString = 3E82537E49D340CFB9C441A2;
			remoteInfo = React;
		};
		821D58420103439B8D4DBAEA /* PBXContainerItemProxy */ = {
			isa = PBXContainerItemProxy;
			containerPortal = 9249A173AA65496B9E434E48 /* React.xcodeproj */;
			proxyType = 2;
			remoteGlobalIDString = 83CBBA2E1A601D0E00E9B192;
			remoteInfo = React;
		};
		33A00AB3403E465F891FB454 /* PBXContainerItemProxy */ = {
			isa = PBXContainerItemProxy;
			containerPortal = AB5D36DC50EA491EB568516B /* RCTActionSheet.xcodeproj */;
			proxyType = 1;
			remoteGlobalIDString = 1B863F93DAD94C08838228B6;
			remoteInfo = RCTActionSheet;
		};
		4C8604E8E6984E67A49215FD /* PBXContainerItemProxy */ = {
			isa = PBXContainerItemProxy;
			containerPortal = AB5D36DC50EA491EB568516B /* RCTActionSheet.xcodeproj */;
			proxyType = 2;
			remoteGlobalIDString = 134814201AA4EA6300B7C361;
			remoteInfo = RCTActionSheet;
		};
		95931CE3F7BE49798AED0F80 /* PBXContainerItemProxy */ = {
			isa = PBXContainerItemProxy;
			containerPortal = 62607A5DC7DA4CB8B5D94E88 /* RCTImage.xcodeproj */;
			proxyType = 1;
			remoteGlobalIDString = 8A02718144454132B13FF0D9;
			remoteInfo = RCTImage;
		};
		39075308F1F244F98F4B2926 /* PBXContainerItemProxy */ = {
			isa = PBXContainerItemProxy;
			containerPortal = 62607A5DC7DA4CB8B5D94E88 /* RCTImage.xcodeproj */;
			proxyType = 2;
			remoteGlobalIDString = 58B5115D1A9E6B3D00147676;
			remoteInfo = RCTImage;
		};
		70B5DA18C212436C8537EADD /* PBXContainerItemProxy */ = {
			isa = PBXContainerItemProxy;
			containerPortal = D49729C919E74DA4A7252FF8 /* RCTAnimation.xcodeproj */;
			proxyType = 1;
			remoteGlobalIDString = 9A5DFA1F7191401B8516867C;
			remoteInfo = RCTAnimation;
		};
		B0267EDCE82842B296232DCD /* PBXContainerItemProxy */ = {
			isa = PBXContainerItemProxy;
			containerPortal = D49729C919E74DA4A7252FF8 /* RCTAnimation.xcodeproj */;
			proxyType = 2;
			remoteGlobalIDString = 134814201AA4EA6300B7C361;
			remoteInfo = RCTAnimation;
		};
		6701742919DA4BC084228D2C /* PBXContainerItemProxy */ = {
			isa = PBXContainerItemProxy;
			containerPortal = 37C7AE827EB74EACBDC833A6 /* RCTText.xcodeproj */;
			proxyType = 1;
			remoteGlobalIDString = ED8A7A52C28D499DA73F327A;
			remoteInfo = RCTText;
		};
		2673570A2E99458A91702214 /* PBXContainerItemProxy */ = {
			isa = PBXContainerItemProxy;
			containerPortal = 37C7AE827EB74EACBDC833A6 /* RCTText.xcodeproj */;
			proxyType = 2;
			remoteGlobalIDString = 58B5119B1A9E6C1200147676;
			remoteInfo = RCTText;
		};
		993FEA6FECAF4E8BB6393721 /* PBXContainerItemProxy */ = {
			isa = PBXContainerItemProxy;
			containerPortal = AB245FF3C10C4A25971431F3 /* RCTWebSocket.xcodeproj */;
			proxyType = 1;
			remoteGlobalIDString = 0AB387047A4E4AB5AB9439CF;
			remoteInfo = RCTWebSocket;
		};
		4B4EEDD681F74BE88B4BB0C8 /* PBXContainerItemProxy */ = {
			isa = PBXContainerItemProxy;
			containerPortal = AB245FF3C10C4A25971431F3 /* RCTWebSocket.xcodeproj */;
			proxyType = 2;
			remoteGlobalIDString = 3C86DF461ADF2C930047B81A;
			remoteInfo = RCTWebSocket;
		};
		D157F3AF583A4849B711514D /* PBXContainerItemProxy */ = {
			isa = PBXContainerItemProxy;
			containerPortal = 76DD66F75D1342AC82906DBA /* RCTGeolocation.xcodeproj */;
			proxyType = 1;
			remoteGlobalIDString = FC1B282005F4439CB5B746C9;
			remoteInfo = RCTGeolocation;
		};
		9C5E1EA0168746D2BA2A6E9B /* PBXContainerItemProxy */ = {
			isa = PBXContainerItemProxy;
			containerPortal = 76DD66F75D1342AC82906DBA /* RCTGeolocation.xcodeproj */;
			proxyType = 2;
			remoteGlobalIDString = 134814201AA4EA6300B7C361;
			remoteInfo = RCTGeolocation;
		};
		5B29A6F56B0A461AB0702790 /* PBXContainerItemProxy */ = {
			isa = PBXContainerItemProxy;
			containerPortal = 6244301368694817AFC26AAB /* RCTLinking.xcodeproj */;
			proxyType = 1;
			remoteGlobalIDString = 0777CD599C5C4DEAA7F69813;
			remoteInfo = RCTLinking;
		};
		B29478FAA6514C3AA1C26061 /* PBXContainerItemProxy */ = {
			isa = PBXContainerItemProxy;
			containerPortal = 6244301368694817AFC26AAB /* RCTLinking.xcodeproj */;
			proxyType = 2;
			remoteGlobalIDString = 134814201AA4EA6300B7C361;
			remoteInfo = RCTLinking;
		};
		A7852327490C4442AF4A0A17 /* PBXContainerItemProxy */ = {
			isa = PBXContainerItemProxy;
			containerPortal = 0FB528F85C86488AB9A60D88 /* RCTNetwork.xcodeproj */;
			proxyType = 1;
			remoteGlobalIDString = 8A8C492E00AA4AE0B7EC7E4B;
			remoteInfo = RCTNetwork;
		};
		E903C3E1D2FB48E9A1E53115 /* PBXContainerItemProxy */ = {
			isa = PBXContainerItemProxy;
			containerPortal = 0FB528F85C86488AB9A60D88 /* RCTNetwork.xcodeproj */;
			proxyType = 2;
			remoteGlobalIDString = 58B511DB1A9E6C8500147676;
			remoteInfo = RCTNetwork;
		};
		23023BDE4A424EA6AC84B0A1 /* PBXContainerItemProxy */ = {
			isa = PBXContainerItemProxy;
			containerPortal = 841B0E5DF9964BF884699DA7 /* RCTSettings.xcodeproj */;
			proxyType = 1;
			remoteGlobalIDString = 7CD62769B1B5404F80366F90;
			remoteInfo = RCTSettings;
		};
		A8D01D3CB7CF4F2D9F21F0D5 /* PBXContainerItemProxy */ = {
			isa = PBXContainerItemProxy;
			containerPortal = 841B0E5DF9964BF884699DA7 /* RCTSettings.xcodeproj */;
			proxyType = 2;
			remoteGlobalIDString = 134814201AA4EA6300B7C361;
			remoteInfo = RCTSettings;
		};
		C5DF7E5CC3BA4732892DC137 /* PBXContainerItemProxy */ = {
			isa = PBXContainerItemProxy;
			containerPortal = F41C1A3913F748EDBAA549E3 /* RCTVibration.xcodeproj */;
			proxyType = 1;
			remoteGlobalIDString = F110B7B0758546E5A1BA38F0;
			remoteInfo = RCTVibration;
		};
		5A0522A6320C49BA820391F8 /* PBXContainerItemProxy */ = {
			isa = PBXContainerItemProxy;
			containerPortal = F41C1A3913F748EDBAA549E3 /* RCTVibration.xcodeproj */;
			proxyType = 2;
			remoteGlobalIDString = 832C81801AAF6DEF007FA2F7;
			remoteInfo = RCTVibration;
		};
		2F673B4BA25E4E2CB6E80DF2 /* PBXContainerItemProxy */ = {
			isa = PBXContainerItemProxy;
			containerPortal = DF3C059ECE2C4BD198B09842 /* RCTCameraRoll.xcodeproj */;
			proxyType = 1;
			remoteGlobalIDString = 36275F106B064187906A2171;
			remoteInfo = RCTCameraRoll;
		};
		56FC96A0693446B483E93643 /* PBXContainerItemProxy */ = {
			isa = PBXContainerItemProxy;
			containerPortal = DF3C059ECE2C4BD198B09842 /* RCTCameraRoll.xcodeproj */;
			proxyType = 2;
			remoteGlobalIDString = 58B5115D1A9E6B3D00147676;
			remoteInfo = RCTCameraRoll;
		};
		1A854B9FB87F448DA9FCE1F3 /* PBXContainerItemProxy */ = {
			isa = PBXContainerItemProxy;
			containerPortal = 23D859FBA855475D9B6CC6CC /* ART.xcodeproj */;
			proxyType = 1;
			remoteGlobalIDString = 1740A17155E843839812E3B9;
			remoteInfo = ART;
		};
		624814C711DE4235B0A7E966 /* PBXContainerItemProxy */ = {
			isa = PBXContainerItemProxy;
			containerPortal = 23D859FBA855475D9B6CC6CC /* ART.xcodeproj */;
			proxyType = 2;
			remoteGlobalIDString = 0CF68AC11AF0540F00FF9E5C;
			remoteInfo = ART;
		};
/* End PBXContainerItemProxy section */

/* Begin PBXFileReference section */
		223A89451E89CDC70092741E /* MiniApp.jsbundle */ = {isa = PBXFileReference; fileEncoding = 4; lastKnownFileType = text; path = MiniApp.jsbundle; sourceTree = "<group>"; };
		2265A4A11EB26943007D6C3D /* Info.plist */ = {isa = PBXFileReference; fileEncoding = 4; lastKnownFileType = text.plist.xml; path = Info.plist; sourceTree = "<group>"; };
		22BF1FEA1E8DAAF800E7F500 /* assets */ = {isa = PBXFileReference; lastKnownFileType = folder; path = assets; sourceTree = "<group>"; };
		301CB9001F33F3450048C58B /* NSBundle+frameworkBundle.m */ = {isa = PBXFileReference; fileEncoding = 4; lastKnownFileType = sourcecode.c.objc; path = "NSBundle+frameworkBundle.m"; sourceTree = "<group>"; };
		301CB9011F33F3450048C58B /* NSBundle+frameworkBundle.h */ = {isa = PBXFileReference; fileEncoding = 4; lastKnownFileType = sourcecode.c.h; path = "NSBundle+frameworkBundle.h"; sourceTree = "<group>"; };
		304000E72098E1F000BF751C /* ElectrodePluginConfig.h */ = {isa = PBXFileReference; lastKnownFileType = sourcecode.c.h; path = ElectrodePluginConfig.h; sourceTree = "<group>"; };
		30F8CDED1E67946E00413247 /* ElectrodeReactNative_Internal.h */ = {isa = PBXFileReference; fileEncoding = 4; lastKnownFileType = sourcecode.c.h; path = ElectrodeReactNative_Internal.h; sourceTree = "<group>"; };
		485009E31E2FF23B009B6610 /* ElectrodeContainer.framework */ = {isa = PBXFileReference; explicitFileType = wrapper.framework; includeInIndex = 0; path = ElectrodeContainer.framework; sourceTree = BUILT_PRODUCTS_DIR; };
		485009E61E2FF23B009B6610 /* ElectrodeContainer.h */ = {isa = PBXFileReference; lastKnownFileType = sourcecode.c.h; path = ElectrodeContainer.h; sourceTree = "<group>"; };
		485009EC1E2FF23C009B6610 /* ElectrodeContainerTests.xctest */ = {isa = PBXFileReference; explicitFileType = wrapper.cfbundle; includeInIndex = 0; path = ElectrodeContainerTests.xctest; sourceTree = BUILT_PRODUCTS_DIR; };
		485009F31E2FF23C009B6610 /* Info.plist */ = {isa = PBXFileReference; lastKnownFileType = text.plist.xml; path = Info.plist; sourceTree = "<group>"; };
		48500A961E2FF55B009B6610 /* ElectrodeReactNative.h */ = {isa = PBXFileReference; fileEncoding = 4; lastKnownFileType = sourcecode.c.h; path = ElectrodeReactNative.h; sourceTree = "<group>"; };
		48500A971E2FF55B009B6610 /* ElectrodeReactNative.m */ = {isa = PBXFileReference; fileEncoding = 4; lastKnownFileType = sourcecode.c.objc; path = ElectrodeReactNative.m; sourceTree = "<group>"; wrapsLines = 0; };
		968333D51E54E3470031C565 /* ElectrodeBridgeDelegate.h */ = {isa = PBXFileReference; fileEncoding = 4; lastKnownFileType = sourcecode.c.h; path = ElectrodeBridgeDelegate.h; sourceTree = "<group>"; };
		968333D61E54E3470031C565 /* ElectrodeBridgeDelegate.m */ = {isa = PBXFileReference; fileEncoding = 4; lastKnownFileType = sourcecode.c.objc; path = ElectrodeBridgeDelegate.m; sourceTree = "<group>"; };
		22CB683D20C9C46A0031A349 /* Project-QADeployment.xcconfig */ = {isa = PBXFileReference; fileEncoding = 4; lastKnownFileType = text.xcconfig; path = "Project-QADeployment.xcconfig"; sourceTree = "<group>"; };
		22CB683E20C9C46A0031A349 /* Project-Release.xcconfig */ = {isa = PBXFileReference; fileEncoding = 4; lastKnownFileType = text.xcconfig; path = "Project-Release.xcconfig"; sourceTree = "<group>"; };
		22CB684020C9C46A0031A349 /* ElectrodeContainer-QADeployment.xcconfig */ = {isa = PBXFileReference; fileEncoding = 4; lastKnownFileType = text.xcconfig; path = "ElectrodeContainer-QADeployment.xcconfig"; sourceTree = "<group>"; };
		22CB684120C9C46A0031A349 /* ElectrodeContainer-Debug.xcconfig */ = {isa = PBXFileReference; fileEncoding = 4; lastKnownFileType = text.xcconfig; path = "ElectrodeContainer-Debug.xcconfig"; sourceTree = "<group>"; };
		22CB684220C9C46A0031A349 /* ElectrodeContainer-Release.xcconfig */ = {isa = PBXFileReference; fileEncoding = 4; lastKnownFileType = text.xcconfig; path = "ElectrodeContainer-Release.xcconfig"; sourceTree = "<group>"; };
		22CB684420C9C46A0031A349 /* ElectrodeContainerTests-Release.xcconfig */ = {isa = PBXFileReference; fileEncoding = 4; lastKnownFileType = text.xcconfig; path = "ElectrodeContainerTests-Release.xcconfig"; sourceTree = "<group>"; };
		22CB684620C9C46A0031A349 /* ElectrodeContainerTests-QADeployment.xcconfig */ = {isa = PBXFileReference; fileEncoding = 4; lastKnownFileType = text.xcconfig; path = "ElectrodeContainerTests-QADeployment.xcconfig"; sourceTree = "<group>"; };
		22CB684720C9C46A0031A349 /* Project-Debug.xcconfig */ = {isa = PBXFileReference; fileEncoding = 4; lastKnownFileType = text.xcconfig; path = "Project-Debug.xcconfig"; sourceTree = "<group>"; };
		22CB684820C9C46B0031A349 /* ElectrodeContainerTests-Debug.xcconfig */ = {isa = PBXFileReference; fileEncoding = 4; lastKnownFileType = text.xcconfig; path = "ElectrodeContainerTests-Debug.xcconfig"; sourceTree = "<group>"; };
		9249A173AA65496B9E434E48 /* React.xcodeproj */ = {isa = PBXFileReference; name = "React.xcodeproj"; path = "ReactNative/React/React.xcodeproj"; sourceTree = "<group>"; fileEncoding = undefined; lastKnownFileType = wrapper.pb-project; explicitFileType = undefined; includeInIndex = 0; };
		9EACB79BA91C40E28389E4CB /* libReact.a */ = {isa = PBXFileReference; name = "libReact.a"; path = "libReact.a"; sourceTree = "<group>"; fileEncoding = undefined; lastKnownFileType = archive.ar; explicitFileType = undefined; includeInIndex = 0; };
		AB5D36DC50EA491EB568516B /* RCTActionSheet.xcodeproj */ = {isa = PBXFileReference; name = "RCTActionSheet.xcodeproj"; path = "ReactNative/ActionSheetIOS/RCTActionSheet.xcodeproj"; sourceTree = "<group>"; fileEncoding = undefined; lastKnownFileType = wrapper.pb-project; explicitFileType = undefined; includeInIndex = 0; };
		B2CC4CDF1AD747A781411759 /* libRCTActionSheet.a */ = {isa = PBXFileReference; name = "libRCTActionSheet.a"; path = "libRCTActionSheet.a"; sourceTree = "<group>"; fileEncoding = undefined; lastKnownFileType = archive.ar; explicitFileType = undefined; includeInIndex = 0; };
		62607A5DC7DA4CB8B5D94E88 /* RCTImage.xcodeproj */ = {isa = PBXFileReference; name = "RCTImage.xcodeproj"; path = "ReactNative/Image/RCTImage.xcodeproj"; sourceTree = "<group>"; fileEncoding = undefined; lastKnownFileType = wrapper.pb-project; explicitFileType = undefined; includeInIndex = 0; };
		8AEAAB8C24954E2B926659A0 /* libRCTImage.a */ = {isa = PBXFileReference; name = "libRCTImage.a"; path = "libRCTImage.a"; sourceTree = "<group>"; fileEncoding = undefined; lastKnownFileType = archive.ar; explicitFileType = undefined; includeInIndex = 0; };
		D49729C919E74DA4A7252FF8 /* RCTAnimation.xcodeproj */ = {isa = PBXFileReference; name = "RCTAnimation.xcodeproj"; path = "ReactNative/NativeAnimation/RCTAnimation.xcodeproj"; sourceTree = "<group>"; fileEncoding = undefined; lastKnownFileType = wrapper.pb-project; explicitFileType = undefined; includeInIndex = 0; };
		0C78A6CCE17E4CEAAE7B131E /* libRCTAnimation.a */ = {isa = PBXFileReference; name = "libRCTAnimation.a"; path = "libRCTAnimation.a"; sourceTree = "<group>"; fileEncoding = undefined; lastKnownFileType = archive.ar; explicitFileType = undefined; includeInIndex = 0; };
		37C7AE827EB74EACBDC833A6 /* RCTText.xcodeproj */ = {isa = PBXFileReference; name = "RCTText.xcodeproj"; path = "ReactNative/Text/RCTText.xcodeproj"; sourceTree = "<group>"; fileEncoding = undefined; lastKnownFileType = wrapper.pb-project; explicitFileType = undefined; includeInIndex = 0; };
		96FCB25D7DED423B9F6FA4AC /* libRCTText.a */ = {isa = PBXFileReference; name = "libRCTText.a"; path = "libRCTText.a"; sourceTree = "<group>"; fileEncoding = undefined; lastKnownFileType = archive.ar; explicitFileType = undefined; includeInIndex = 0; };
		AB245FF3C10C4A25971431F3 /* RCTWebSocket.xcodeproj */ = {isa = PBXFileReference; name = "RCTWebSocket.xcodeproj"; path = "ReactNative/WebSocket/RCTWebSocket.xcodeproj"; sourceTree = "<group>"; fileEncoding = undefined; lastKnownFileType = wrapper.pb-project; explicitFileType = undefined; includeInIndex = 0; };
		2C69F2E90C934491A32917C4 /* libRCTWebSocket.a */ = {isa = PBXFileReference; name = "libRCTWebSocket.a"; path = "libRCTWebSocket.a"; sourceTree = "<group>"; fileEncoding = undefined; lastKnownFileType = archive.ar; explicitFileType = undefined; includeInIndex = 0; };
		76DD66F75D1342AC82906DBA /* RCTGeolocation.xcodeproj */ = {isa = PBXFileReference; name = "RCTGeolocation.xcodeproj"; path = "ReactNative/Geolocation/RCTGeolocation.xcodeproj"; sourceTree = "<group>"; fileEncoding = undefined; lastKnownFileType = wrapper.pb-project; explicitFileType = undefined; includeInIndex = 0; };
		58CAC9D390F140C7B0A20EEF /* libRCTGeolocation.a */ = {isa = PBXFileReference; name = "libRCTGeolocation.a"; path = "libRCTGeolocation.a"; sourceTree = "<group>"; fileEncoding = undefined; lastKnownFileType = archive.ar; explicitFileType = undefined; includeInIndex = 0; };
		6244301368694817AFC26AAB /* RCTLinking.xcodeproj */ = {isa = PBXFileReference; name = "RCTLinking.xcodeproj"; path = "ReactNative/LinkingIOS/RCTLinking.xcodeproj"; sourceTree = "<group>"; fileEncoding = undefined; lastKnownFileType = wrapper.pb-project; explicitFileType = undefined; includeInIndex = 0; };
		8C9F7723AEB04E50B0B788A8 /* libRCTLinking.a */ = {isa = PBXFileReference; name = "libRCTLinking.a"; path = "libRCTLinking.a"; sourceTree = "<group>"; fileEncoding = undefined; lastKnownFileType = archive.ar; explicitFileType = undefined; includeInIndex = 0; };
		0FB528F85C86488AB9A60D88 /* RCTNetwork.xcodeproj */ = {isa = PBXFileReference; name = "RCTNetwork.xcodeproj"; path = "ReactNative/Network/RCTNetwork.xcodeproj"; sourceTree = "<group>"; fileEncoding = undefined; lastKnownFileType = wrapper.pb-project; explicitFileType = undefined; includeInIndex = 0; };
		7E48F84B05444E21BA2B6ECB /* libRCTNetwork.a */ = {isa = PBXFileReference; name = "libRCTNetwork.a"; path = "libRCTNetwork.a"; sourceTree = "<group>"; fileEncoding = undefined; lastKnownFileType = archive.ar; explicitFileType = undefined; includeInIndex = 0; };
		841B0E5DF9964BF884699DA7 /* RCTSettings.xcodeproj */ = {isa = PBXFileReference; name = "RCTSettings.xcodeproj"; path = "ReactNative/Settings/RCTSettings.xcodeproj"; sourceTree = "<group>"; fileEncoding = undefined; lastKnownFileType = wrapper.pb-project; explicitFileType = undefined; includeInIndex = 0; };
		96F8FD5E05F7494F9E8A5720 /* libRCTSettings.a */ = {isa = PBXFileReference; name = "libRCTSettings.a"; path = "libRCTSettings.a"; sourceTree = "<group>"; fileEncoding = undefined; lastKnownFileType = archive.ar; explicitFileType = undefined; includeInIndex = 0; };
		F41C1A3913F748EDBAA549E3 /* RCTVibration.xcodeproj */ = {isa = PBXFileReference; name = "RCTVibration.xcodeproj"; path = "ReactNative/Vibration/RCTVibration.xcodeproj"; sourceTree = "<group>"; fileEncoding = undefined; lastKnownFileType = wrapper.pb-project; explicitFileType = undefined; includeInIndex = 0; };
		E82DA2A87E244A87B09687EC /* libRCTVibration.a */ = {isa = PBXFileReference; name = "libRCTVibration.a"; path = "libRCTVibration.a"; sourceTree = "<group>"; fileEncoding = undefined; lastKnownFileType = archive.ar; explicitFileType = undefined; includeInIndex = 0; };
		DF3C059ECE2C4BD198B09842 /* RCTCameraRoll.xcodeproj */ = {isa = PBXFileReference; name = "RCTCameraRoll.xcodeproj"; path = "ReactNative/CameraRoll/RCTCameraRoll.xcodeproj"; sourceTree = "<group>"; fileEncoding = undefined; lastKnownFileType = wrapper.pb-project; explicitFileType = undefined; includeInIndex = 0; };
		171BF6BF2A2C4E9983872E7F /* libRCTCameraRoll.a */ = {isa = PBXFileReference; name = "libRCTCameraRoll.a"; path = "libRCTCameraRoll.a"; sourceTree = "<group>"; fileEncoding = undefined; lastKnownFileType = archive.ar; explicitFileType = undefined; includeInIndex = 0; };
		23D859FBA855475D9B6CC6CC /* ART.xcodeproj */ = {isa = PBXFileReference; name = "ART.xcodeproj"; path = "ReactNative/ART/ART.xcodeproj"; sourceTree = "<group>"; fileEncoding = undefined; lastKnownFileType = wrapper.pb-project; explicitFileType = undefined; includeInIndex = 0; };
		2D1200536AE648DF8DE08CA4 /* libART.a */ = {isa = PBXFileReference; name = "libART.a"; path = "libART.a"; sourceTree = "<group>"; fileEncoding = undefined; lastKnownFileType = archive.ar; explicitFileType = undefined; includeInIndex = 0; };
		FF169415B40E452B8ED03EB9 /* JavaScriptCore.framework */ = {isa = PBXFileReference; name = "JavaScriptCore.framework"; path = "/System/Library/Frameworks/JavaScriptCore.framework"; sourceTree = "<group>"; fileEncoding = undefined; lastKnownFileType = wrapper.framework; explicitFileType = undefined; includeInIndex = 0; };
/* End PBXFileReference section */

/* Begin PBXFrameworksBuildPhase section */
		485009DF1E2FF23B009B6610 /* Frameworks */ = {
			isa = PBXFrameworksBuildPhase;
			buildActionMask = 2147483647;
			files = (
				3E82537E49D340CFB9C441A2 /* libReact.a in Frameworks */,
				1B863F93DAD94C08838228B6 /* libRCTActionSheet.a in Frameworks */,
				8A02718144454132B13FF0D9 /* libRCTImage.a in Frameworks */,
				9A5DFA1F7191401B8516867C /* libRCTAnimation.a in Frameworks */,
				ED8A7A52C28D499DA73F327A /* libRCTText.a in Frameworks */,
				0AB387047A4E4AB5AB9439CF /* libRCTWebSocket.a in Frameworks */,
				FC1B282005F4439CB5B746C9 /* libRCTGeolocation.a in Frameworks */,
				0777CD599C5C4DEAA7F69813 /* libRCTLinking.a in Frameworks */,
				8A8C492E00AA4AE0B7EC7E4B /* libRCTNetwork.a in Frameworks */,
				7CD62769B1B5404F80366F90 /* libRCTSettings.a in Frameworks */,
				F110B7B0758546E5A1BA38F0 /* libRCTVibration.a in Frameworks */,
				36275F106B064187906A2171 /* libRCTCameraRoll.a in Frameworks */,
				1740A17155E843839812E3B9 /* libART.a in Frameworks */,
				C6305F0BED14440AAE19350B /* JavaScriptCore.framework in Frameworks */,
			);
			runOnlyForDeploymentPostprocessing = 0;
		};
		485009E91E2FF23C009B6610 /* Frameworks */ = {
			isa = PBXFrameworksBuildPhase;
			buildActionMask = 2147483647;
			files = (
				485009ED1E2FF23C009B6610 /* ElectrodeContainer.framework in Frameworks */,
			);
			runOnlyForDeploymentPostprocessing = 0;
		};
/* End PBXFrameworksBuildPhase section */

/* Begin PBXGroup section */
		22CB67F120C9C44C0031A349 /* Config */ = {
			isa = PBXGroup;
			children = (
				22CB684120C9C46A0031A349 /* ElectrodeContainer-Debug.xcconfig */,
				22CB684020C9C46A0031A349 /* ElectrodeContainer-QADeployment.xcconfig */,
				22CB684220C9C46A0031A349 /* ElectrodeContainer-Release.xcconfig */,
				22CB684820C9C46B0031A349 /* ElectrodeContainerTests-Debug.xcconfig */,
				22CB684620C9C46A0031A349 /* ElectrodeContainerTests-QADeployment.xcconfig */,
				22CB684420C9C46A0031A349 /* ElectrodeContainerTests-Release.xcconfig */,
				22CB684720C9C46A0031A349 /* Project-Debug.xcconfig */,
				22CB683D20C9C46A0031A349 /* Project-QADeployment.xcconfig */,
				22CB683E20C9C46A0031A349 /* Project-Release.xcconfig */,
			);
			path = Config;
			sourceTree = "<group>";
		};
		226325CE1E80594F00CD0B10 /* ReactNative */ = {
			isa = PBXGroup;
			children = (
				9249A173AA65496B9E434E48 /* React.xcodeproj */,
				AB5D36DC50EA491EB568516B /* RCTActionSheet.xcodeproj */,
				62607A5DC7DA4CB8B5D94E88 /* RCTImage.xcodeproj */,
				D49729C919E74DA4A7252FF8 /* RCTAnimation.xcodeproj */,
				37C7AE827EB74EACBDC833A6 /* RCTText.xcodeproj */,
				AB245FF3C10C4A25971431F3 /* RCTWebSocket.xcodeproj */,
				76DD66F75D1342AC82906DBA /* RCTGeolocation.xcodeproj */,
				6244301368694817AFC26AAB /* RCTLinking.xcodeproj */,
				0FB528F85C86488AB9A60D88 /* RCTNetwork.xcodeproj */,
				841B0E5DF9964BF884699DA7 /* RCTSettings.xcodeproj */,
				F41C1A3913F748EDBAA549E3 /* RCTVibration.xcodeproj */,
				DF3C059ECE2C4BD198B09842 /* RCTCameraRoll.xcodeproj */,
				23D859FBA855475D9B6CC6CC /* ART.xcodeproj */,
			);
			name = ReactNative;
			sourceTree = "<group>";
		};
		22C096A91EA0893F00E1486A /* APIs */ = {
			isa = PBXGroup;
			children = (
			);
			name = APIs;
			sourceTree = "<group>";
		};
		22FD4D1E1E96ECBB00FC81DB /* ElectrodeReactNativeBridge */ = {
			isa = PBXGroup;
			children = (
			);
			name = ElectrodeReactNativeBridge;
			sourceTree = "<group>";
		};
		301CBA4B1F342FB00048C58B /* Resources */ = {
			isa = PBXGroup;
			children = (
			);
			name = Resources;
			sourceTree = "<group>";
		};
		485009D91E2FF23B009B6610 = {
			isa = PBXGroup;
			children = (
				22CB67F120C9C44C0031A349 /* Config */,
				485009E51E2FF23B009B6610 /* ElectrodeContainer */,
				485009F01E2FF23C009B6610 /* ElectrodeContainerTests */,
				485009E41E2FF23B009B6610 /* Products */,
				485009FD1E2FF25D009B6610 /* Libraries */,
				48500AA71E2FFA14009B6610 /* Frameworks */,
			);
			sourceTree = "<group>";
		};
		485009E41E2FF23B009B6610 /* Products */ = {
			isa = PBXGroup;
			children = (
				485009E31E2FF23B009B6610 /* ElectrodeContainer.framework */,
				485009EC1E2FF23C009B6610 /* ElectrodeContainerTests.xctest */,
			);
			name = Products;
			sourceTree = "<group>";
		};
		485009E51E2FF23B009B6610 /* ElectrodeContainer */ = {
			isa = PBXGroup;
			children = (
				7F9A82FD1FB117530026F523 /* APIImpls */,
				301CBA4B1F342FB00048C58B /* Resources */,
				2265A4A11EB26943007D6C3D /* Info.plist */,
				22C096A91EA0893F00E1486A /* APIs */,
				22FD4D1E1E96ECBB00FC81DB /* ElectrodeReactNativeBridge */,
				968333D51E54E3470031C565 /* ElectrodeBridgeDelegate.h */,
				968333D61E54E3470031C565 /* ElectrodeBridgeDelegate.m */,
				485009E61E2FF23B009B6610 /* ElectrodeContainer.h */,
				48500A961E2FF55B009B6610 /* ElectrodeReactNative.h */,
				30F8CDED1E67946E00413247 /* ElectrodeReactNative_Internal.h */,
				48500A971E2FF55B009B6610 /* ElectrodeReactNative.m */,
				301CB9011F33F3450048C58B /* NSBundle+frameworkBundle.h */,
				301CB9001F33F3450048C58B /* NSBundle+frameworkBundle.m */,
				304000E72098E1F000BF751C /* ElectrodePluginConfig.h */,
			);
			path = ElectrodeContainer;
			name = ElectrodeContainer;
			sourceTree = "<group>";
		};
		485009F01E2FF23C009B6610 /* ElectrodeContainerTests */ = {
			isa = PBXGroup;
			children = (
				485009F31E2FF23C009B6610 /* Info.plist */,
			);
			path = ElectrodeContainerTests;
			sourceTree = "<group>";
		};
		485009FD1E2FF25D009B6610 /* Libraries */ = {
			isa = PBXGroup;
			children = (
				226325CE1E80594F00CD0B10 /* ReactNative */,
				9654B8921E5CCA1D00AFF607 /* MiniApp */,
			);
			name = Libraries;
			path = ElectrodeContainer/Libraries;
			sourceTree = "<group>";
		};
		48500AA71E2FFA14009B6610 /* Frameworks */ = {
			isa = PBXGroup;
			children = (
				FF169415B40E452B8ED03EB9 /* JavaScriptCore.framework */,
			);
			name = Frameworks;
			path = ElectrodeContainer/Frameworks;
			sourceTree = "<group>";
		};
		7F9A82FD1FB117530026F523 /* APIImpls */ = {
			isa = PBXGroup;
			children = (
			);
			name = APIImpls;
			sourceTree = "<group>";
		};
		9654B8921E5CCA1D00AFF607 /* MiniApp */ = {
			isa = PBXGroup;
			children = (
				22BF1FEA1E8DAAF800E7F500 /* assets */,
				223A89451E89CDC70092741E /* MiniApp.jsbundle */,
			);
			path = MiniApp;
			sourceTree = "<group>";
		};
		1F698B782117468982901B25 /* Products */ = {
			isa = PBXGroup;
			children = (
				9EACB79BA91C40E28389E4CB /* libReact.a */,
			);
			name = Products;
			path = undefined;
			sourceTree = "<group>";
		};
		C0C88BB3D9374A27AF7FEC77 /* Products */ = {
			isa = PBXGroup;
			children = (
				B2CC4CDF1AD747A781411759 /* libRCTActionSheet.a */,
			);
			name = Products;
			path = undefined;
			sourceTree = "<group>";
		};
		E4964913873447EC9C4F2D2F /* Products */ = {
			isa = PBXGroup;
			children = (
				8AEAAB8C24954E2B926659A0 /* libRCTImage.a */,
			);
			name = Products;
			path = undefined;
			sourceTree = "<group>";
		};
		3D115B9AC5F442BE98A866B1 /* Products */ = {
			isa = PBXGroup;
			children = (
				0C78A6CCE17E4CEAAE7B131E /* libRCTAnimation.a */,
			);
			name = Products;
			path = undefined;
			sourceTree = "<group>";
		};
		B5B017ED6DDF41269851D6C2 /* Products */ = {
			isa = PBXGroup;
			children = (
				96FCB25D7DED423B9F6FA4AC /* libRCTText.a */,
			);
			name = Products;
			path = undefined;
			sourceTree = "<group>";
		};
		745541DDAFE144BF800098A5 /* Products */ = {
			isa = PBXGroup;
			children = (
				2C69F2E90C934491A32917C4 /* libRCTWebSocket.a */,
			);
			name = Products;
			path = undefined;
			sourceTree = "<group>";
		};
		C286ED536A09405CAE703550 /* Products */ = {
			isa = PBXGroup;
			children = (
				58CAC9D390F140C7B0A20EEF /* libRCTGeolocation.a */,
			);
			name = Products;
			path = undefined;
			sourceTree = "<group>";
		};
		DEE4197B76C14F1BBD5918EC /* Products */ = {
			isa = PBXGroup;
			children = (
				8C9F7723AEB04E50B0B788A8 /* libRCTLinking.a */,
			);
			name = Products;
			path = undefined;
			sourceTree = "<group>";
		};
		95C605A3B01D487EA6001EA7 /* Products */ = {
			isa = PBXGroup;
			children = (
				7E48F84B05444E21BA2B6ECB /* libRCTNetwork.a */,
			);
			name = Products;
			path = undefined;
			sourceTree = "<group>";
		};
		A5797BABD52140D8BF6E7239 /* Products */ = {
			isa = PBXGroup;
			children = (
				96F8FD5E05F7494F9E8A5720 /* libRCTSettings.a */,
			);
			name = Products;
			path = undefined;
			sourceTree = "<group>";
		};
		6B41035B0F0E4C47A2036617 /* Products */ = {
			isa = PBXGroup;
			children = (
				E82DA2A87E244A87B09687EC /* libRCTVibration.a */,
			);
			name = Products;
			path = undefined;
			sourceTree = "<group>";
		};
		191023567D114AEE8DEDDEE7 /* Products */ = {
			isa = PBXGroup;
			children = (
				171BF6BF2A2C4E9983872E7F /* libRCTCameraRoll.a */,
			);
			name = Products;
			path = undefined;
			sourceTree = "<group>";
		};
		C2609D6DA0A641B9B7CF2C4D /* Products */ = {
			isa = PBXGroup;
			children = (
				2D1200536AE648DF8DE08CA4 /* libART.a */,
			);
			name = Products;
			path = undefined;
			sourceTree = "<group>";
		};
/* End PBXGroup section */

/* Begin PBXHeadersBuildPhase section */
		485009E01E2FF23B009B6610 /* Headers */ = {
			isa = PBXHeadersBuildPhase;
			buildActionMask = 2147483647;
			files = (
				485009F41E2FF23C009B6610 /* ElectrodeContainer.h in Headers */,
				968333D71E54E3470031C565 /* ElectrodeBridgeDelegate.h in Headers */,
				301CB9031F33F3450048C58B /* NSBundle+frameworkBundle.h in Headers */,
				304000E82098E1F000BF751C /* ElectrodePluginConfig.h in Headers */,
				30F8CDEE1E67946E00413247 /* ElectrodeReactNative_Internal.h in Headers */,
				48500A981E2FF55B009B6610 /* ElectrodeReactNative.h in Headers */,
			);
			runOnlyForDeploymentPostprocessing = 0;
		};
/* End PBXHeadersBuildPhase section */

/* Begin PBXNativeTarget section */
		485009E21E2FF23B009B6610 /* ElectrodeContainer */ = {
			isa = PBXNativeTarget;
			buildConfigurationList = 485009F71E2FF23C009B6610 /* Build configuration list for PBXNativeTarget "ElectrodeContainer" */;
			buildPhases = (
				485009DE1E2FF23B009B6610 /* Sources */,
				485009DF1E2FF23B009B6610 /* Frameworks */,
				485009E01E2FF23B009B6610 /* Headers */,
				485009E11E2FF23B009B6610 /* Resources */,
			);
			buildRules = (
			);
			dependencies = (
				72D89E5E1762487AA156A578 /* PBXTargetDependency */,
				9D86EF1C07DB47B48548308E /* PBXTargetDependency */,
				CA25375CD5A343AC899F4F3C /* PBXTargetDependency */,
				228A5BC67BCF4C2CA6D255CC /* PBXTargetDependency */,
				62EC8266AA09400AA4AFA72E /* PBXTargetDependency */,
				DB4601BBB066434588F7E398 /* PBXTargetDependency */,
				F8791F9E70DB418F855F674B /* PBXTargetDependency */,
				B2951E68138641F8BD463926 /* PBXTargetDependency */,
				023648A972BF49918A80D71C /* PBXTargetDependency */,
				F67BD5C19FFD410483EC4BC6 /* PBXTargetDependency */,
				22D6ADAEB116495DAC64F871 /* PBXTargetDependency */,
				3FDD7931E3F648F494DFEDC3 /* PBXTargetDependency */,
				71556A3548934DEA9F222E84 /* PBXTargetDependency */,
			);
			name = ElectrodeContainer;
			productName = ElectrodeContainer;
			productReference = 485009E31E2FF23B009B6610 /* ElectrodeContainer.framework */;
			productType = "com.apple.product-type.framework";
		};
		485009EB1E2FF23C009B6610 /* ElectrodeContainerTests */ = {
			isa = PBXNativeTarget;
			buildConfigurationList = 485009FA1E2FF23C009B6610 /* Build configuration list for PBXNativeTarget "ElectrodeContainerTests" */;
			buildPhases = (
				485009E81E2FF23C009B6610 /* Sources */,
				485009E91E2FF23C009B6610 /* Frameworks */,
				485009EA1E2FF23C009B6610 /* Resources */,
			);
			buildRules = (
			);
			dependencies = (
				485009EF1E2FF23C009B6610 /* PBXTargetDependency */,
			);
			name = ElectrodeContainerTests;
			productName = ElectrodeContainerTests;
			productReference = 485009EC1E2FF23C009B6610 /* ElectrodeContainerTests.xctest */;
			productType = "com.apple.product-type.bundle.unit-test";
		};
/* End PBXNativeTarget section */

/* Begin PBXProject section */
		485009DA1E2FF23B009B6610 /* Project object */ = {
			isa = PBXProject;
			attributes = {
				LastUpgradeCheck = 920;
				ORGANIZATIONNAME = Walmart;
				TargetAttributes = {
					485009E21E2FF23B009B6610 = {
						CreatedOnToolsVersion = 8.2.1;
						ProvisioningStyle = Automatic;
					};
					485009EB1E2FF23C009B6610 = {
						CreatedOnToolsVersion = 8.2.1;
						DevelopmentTeam = DXZ5VF8836;
						ProvisioningStyle = Automatic;
					};
				};
			};
			buildConfigurationList = 485009DD1E2FF23B009B6610 /* Build configuration list for PBXProject "ElectrodeContainer" */;
			compatibilityVersion = "Xcode 3.2";
			developmentRegion = English;
			hasScannedForEncodings = 0;
			knownRegions = (
				en,
			);
			mainGroup = 485009D91E2FF23B009B6610;
			productRefGroup = 485009E41E2FF23B009B6610 /* Products */;
			projectDirPath = "";
			projectRoot = "";
			targets = (
				485009E21E2FF23B009B6610 /* ElectrodeContainer */,
				485009EB1E2FF23C009B6610 /* ElectrodeContainerTests */,
			);
			projectReferences = (
				{
					ProjectRef = 9249A173AA65496B9E434E48 /* React.xcodeproj */;
					ProductGroup = 1F698B782117468982901B25 /* Products */;
				},
				{
					ProjectRef = AB5D36DC50EA491EB568516B /* RCTActionSheet.xcodeproj */;
					ProductGroup = C0C88BB3D9374A27AF7FEC77 /* Products */;
				},
				{
					ProjectRef = 62607A5DC7DA4CB8B5D94E88 /* RCTImage.xcodeproj */;
					ProductGroup = E4964913873447EC9C4F2D2F /* Products */;
				},
				{
					ProjectRef = D49729C919E74DA4A7252FF8 /* RCTAnimation.xcodeproj */;
					ProductGroup = 3D115B9AC5F442BE98A866B1 /* Products */;
				},
				{
					ProjectRef = 37C7AE827EB74EACBDC833A6 /* RCTText.xcodeproj */;
					ProductGroup = B5B017ED6DDF41269851D6C2 /* Products */;
				},
				{
					ProjectRef = AB245FF3C10C4A25971431F3 /* RCTWebSocket.xcodeproj */;
					ProductGroup = 745541DDAFE144BF800098A5 /* Products */;
				},
				{
					ProjectRef = 76DD66F75D1342AC82906DBA /* RCTGeolocation.xcodeproj */;
					ProductGroup = C286ED536A09405CAE703550 /* Products */;
				},
				{
					ProjectRef = 6244301368694817AFC26AAB /* RCTLinking.xcodeproj */;
					ProductGroup = DEE4197B76C14F1BBD5918EC /* Products */;
				},
				{
					ProjectRef = 0FB528F85C86488AB9A60D88 /* RCTNetwork.xcodeproj */;
					ProductGroup = 95C605A3B01D487EA6001EA7 /* Products */;
				},
				{
					ProjectRef = 841B0E5DF9964BF884699DA7 /* RCTSettings.xcodeproj */;
					ProductGroup = A5797BABD52140D8BF6E7239 /* Products */;
				},
				{
					ProjectRef = F41C1A3913F748EDBAA549E3 /* RCTVibration.xcodeproj */;
					ProductGroup = 6B41035B0F0E4C47A2036617 /* Products */;
				},
				{
					ProjectRef = DF3C059ECE2C4BD198B09842 /* RCTCameraRoll.xcodeproj */;
					ProductGroup = 191023567D114AEE8DEDDEE7 /* Products */;
				},
				{
					ProjectRef = 23D859FBA855475D9B6CC6CC /* ART.xcodeproj */;
					ProductGroup = C2609D6DA0A641B9B7CF2C4D /* Products */;
				},
			);
		};
/* End PBXProject section */

/* Begin PBXReferenceProxy section */
		9EACB79BA91C40E28389E4CB /* libReact.a */ = {
			isa = PBXReferenceProxy;
			fileType = archive.ar;
			path = libReact.a;
			remoteRef = 821D58420103439B8D4DBAEA /* PBXContainerItemProxy */;
			sourceTree = BUILT_PRODUCTS_DIR;
		};
		B2CC4CDF1AD747A781411759 /* libRCTActionSheet.a */ = {
			isa = PBXReferenceProxy;
			fileType = archive.ar;
			path = libRCTActionSheet.a;
			remoteRef = 4C8604E8E6984E67A49215FD /* PBXContainerItemProxy */;
			sourceTree = BUILT_PRODUCTS_DIR;
		};
		8AEAAB8C24954E2B926659A0 /* libRCTImage.a */ = {
			isa = PBXReferenceProxy;
			fileType = archive.ar;
			path = libRCTImage.a;
			remoteRef = 39075308F1F244F98F4B2926 /* PBXContainerItemProxy */;
			sourceTree = BUILT_PRODUCTS_DIR;
		};
		0C78A6CCE17E4CEAAE7B131E /* libRCTAnimation.a */ = {
			isa = PBXReferenceProxy;
			fileType = archive.ar;
			path = libRCTAnimation.a;
			remoteRef = B0267EDCE82842B296232DCD /* PBXContainerItemProxy */;
			sourceTree = BUILT_PRODUCTS_DIR;
		};
		96FCB25D7DED423B9F6FA4AC /* libRCTText.a */ = {
			isa = PBXReferenceProxy;
			fileType = archive.ar;
			path = libRCTText.a;
			remoteRef = 2673570A2E99458A91702214 /* PBXContainerItemProxy */;
			sourceTree = BUILT_PRODUCTS_DIR;
		};
		2C69F2E90C934491A32917C4 /* libRCTWebSocket.a */ = {
			isa = PBXReferenceProxy;
			fileType = archive.ar;
			path = libRCTWebSocket.a;
			remoteRef = 4B4EEDD681F74BE88B4BB0C8 /* PBXContainerItemProxy */;
			sourceTree = BUILT_PRODUCTS_DIR;
		};
		58CAC9D390F140C7B0A20EEF /* libRCTGeolocation.a */ = {
			isa = PBXReferenceProxy;
			fileType = archive.ar;
			path = libRCTGeolocation.a;
			remoteRef = 9C5E1EA0168746D2BA2A6E9B /* PBXContainerItemProxy */;
			sourceTree = BUILT_PRODUCTS_DIR;
		};
		8C9F7723AEB04E50B0B788A8 /* libRCTLinking.a */ = {
			isa = PBXReferenceProxy;
			fileType = archive.ar;
			path = libRCTLinking.a;
			remoteRef = B29478FAA6514C3AA1C26061 /* PBXContainerItemProxy */;
			sourceTree = BUILT_PRODUCTS_DIR;
		};
		7E48F84B05444E21BA2B6ECB /* libRCTNetwork.a */ = {
			isa = PBXReferenceProxy;
			fileType = archive.ar;
			path = libRCTNetwork.a;
			remoteRef = E903C3E1D2FB48E9A1E53115 /* PBXContainerItemProxy */;
			sourceTree = BUILT_PRODUCTS_DIR;
		};
		96F8FD5E05F7494F9E8A5720 /* libRCTSettings.a */ = {
			isa = PBXReferenceProxy;
			fileType = archive.ar;
			path = libRCTSettings.a;
			remoteRef = A8D01D3CB7CF4F2D9F21F0D5 /* PBXContainerItemProxy */;
			sourceTree = BUILT_PRODUCTS_DIR;
		};
		E82DA2A87E244A87B09687EC /* libRCTVibration.a */ = {
			isa = PBXReferenceProxy;
			fileType = archive.ar;
			path = libRCTVibration.a;
			remoteRef = 5A0522A6320C49BA820391F8 /* PBXContainerItemProxy */;
			sourceTree = BUILT_PRODUCTS_DIR;
		};
		171BF6BF2A2C4E9983872E7F /* libRCTCameraRoll.a */ = {
			isa = PBXReferenceProxy;
			fileType = archive.ar;
			path = libRCTCameraRoll.a;
			remoteRef = 56FC96A0693446B483E93643 /* PBXContainerItemProxy */;
			sourceTree = BUILT_PRODUCTS_DIR;
		};
		2D1200536AE648DF8DE08CA4 /* libART.a */ = {
			isa = PBXReferenceProxy;
			fileType = archive.ar;
			path = libART.a;
			remoteRef = 624814C711DE4235B0A7E966 /* PBXContainerItemProxy */;
			sourceTree = BUILT_PRODUCTS_DIR;
		};
/* End PBXReferenceProxy section */

/* Begin PBXResourcesBuildPhase section */
		485009E11E2FF23B009B6610 /* Resources */ = {
			isa = PBXResourcesBuildPhase;
			buildActionMask = 2147483647;
			files = (
				22BF1FEB1E8DAAF800E7F500 /* assets in Resources */,
				223A89461E89CDC70092741E /* MiniApp.jsbundle in Resources */,
			);
			runOnlyForDeploymentPostprocessing = 0;
		};
		485009EA1E2FF23C009B6610 /* Resources */ = {
			isa = PBXResourcesBuildPhase;
			buildActionMask = 2147483647;
			files = (
			);
			runOnlyForDeploymentPostprocessing = 0;
		};
/* End PBXResourcesBuildPhase section */

/* Begin PBXSourcesBuildPhase section */
		485009DE1E2FF23B009B6610 /* Sources */ = {
			isa = PBXSourcesBuildPhase;
			buildActionMask = 2147483647;
			files = (
				48500A991E2FF55B009B6610 /* ElectrodeReactNative.m in Sources */,
				301CB9021F33F3450048C58B /* NSBundle+frameworkBundle.m in Sources */,
				968333D81E54E3470031C565 /* ElectrodeBridgeDelegate.m in Sources */,
			);
			runOnlyForDeploymentPostprocessing = 0;
		};
		485009E81E2FF23C009B6610 /* Sources */ = {
			isa = PBXSourcesBuildPhase;
			buildActionMask = 2147483647;
			files = (
			);
			runOnlyForDeploymentPostprocessing = 0;
		};
/* End PBXSourcesBuildPhase section */

/* Begin PBXTargetDependency section */
		485009EF1E2FF23C009B6610 /* PBXTargetDependency */ = {
			isa = PBXTargetDependency;
			target = 485009E21E2FF23B009B6610 /* ElectrodeContainer */;
			targetProxy = 485009EE1E2FF23C009B6610 /* PBXContainerItemProxy */;
		};
		72D89E5E1762487AA156A578 /* PBXTargetDependency */ = {
			isa = PBXTargetDependency;
			name = React;
			targetProxy = EC44F5594DBB4BF3A4FFCBBA /* PBXContainerItemProxy */;
		};
		9D86EF1C07DB47B48548308E /* PBXTargetDependency */ = {
			isa = PBXTargetDependency;
			name = RCTActionSheet;
			targetProxy = 33A00AB3403E465F891FB454 /* PBXContainerItemProxy */;
		};
		CA25375CD5A343AC899F4F3C /* PBXTargetDependency */ = {
			isa = PBXTargetDependency;
			name = RCTImage;
			targetProxy = 95931CE3F7BE49798AED0F80 /* PBXContainerItemProxy */;
		};
		228A5BC67BCF4C2CA6D255CC /* PBXTargetDependency */ = {
			isa = PBXTargetDependency;
			name = RCTAnimation;
			targetProxy = 70B5DA18C212436C8537EADD /* PBXContainerItemProxy */;
		};
		62EC8266AA09400AA4AFA72E /* PBXTargetDependency */ = {
			isa = PBXTargetDependency;
			name = RCTText;
			targetProxy = 6701742919DA4BC084228D2C /* PBXContainerItemProxy */;
		};
		DB4601BBB066434588F7E398 /* PBXTargetDependency */ = {
			isa = PBXTargetDependency;
			name = RCTWebSocket;
			targetProxy = 993FEA6FECAF4E8BB6393721 /* PBXContainerItemProxy */;
		};
		F8791F9E70DB418F855F674B /* PBXTargetDependency */ = {
			isa = PBXTargetDependency;
			name = RCTGeolocation;
			targetProxy = D157F3AF583A4849B711514D /* PBXContainerItemProxy */;
		};
		B2951E68138641F8BD463926 /* PBXTargetDependency */ = {
			isa = PBXTargetDependency;
			name = RCTLinking;
			targetProxy = 5B29A6F56B0A461AB0702790 /* PBXContainerItemProxy */;
		};
		023648A972BF49918A80D71C /* PBXTargetDependency */ = {
			isa = PBXTargetDependency;
			name = RCTNetwork;
			targetProxy = A7852327490C4442AF4A0A17 /* PBXContainerItemProxy */;
		};
		F67BD5C19FFD410483EC4BC6 /* PBXTargetDependency */ = {
			isa = PBXTargetDependency;
			name = RCTSettings;
			targetProxy = 23023BDE4A424EA6AC84B0A1 /* PBXContainerItemProxy */;
		};
		22D6ADAEB116495DAC64F871 /* PBXTargetDependency */ = {
			isa = PBXTargetDependency;
			name = RCTVibration;
			targetProxy = C5DF7E5CC3BA4732892DC137 /* PBXContainerItemProxy */;
		};
		3FDD7931E3F648F494DFEDC3 /* PBXTargetDependency */ = {
			isa = PBXTargetDependency;
			name = RCTCameraRoll;
			targetProxy = 2F673B4BA25E4E2CB6E80DF2 /* PBXContainerItemProxy */;
		};
		71556A3548934DEA9F222E84 /* PBXTargetDependency */ = {
			isa = PBXTargetDependency;
			name = ART;
			targetProxy = 1A854B9FB87F448DA9FCE1F3 /* PBXContainerItemProxy */;
		};
/* End PBXTargetDependency section */

/* Begin XCBuildConfiguration section */
		303268E41EA8139700A41A8F /* QADeployment */ = {
			isa = XCBuildConfiguration;
			baseConfigurationReference = 22CB683D20C9C46A0031A349 /* Project-QADeployment.xcconfig */;
			buildSettings = {
			};
			name = QADeployment;
		};
		303268E51EA8139700A41A8F /* QADeployment */ = {
			isa = XCBuildConfiguration;
			baseConfigurationReference = 22CB684020C9C46A0031A349 /* ElectrodeContainer-QADeployment.xcconfig */;
			buildSettings = {
			};
			name = QADeployment;
		};
		303268E61EA8139700A41A8F /* QADeployment */ = {
			isa = XCBuildConfiguration;
			baseConfigurationReference = 22CB684620C9C46A0031A349 /* ElectrodeContainerTests-QADeployment.xcconfig */;
			buildSettings = {
			};
			name = QADeployment;
		};
		485009F51E2FF23C009B6610 /* Debug */ = {
			isa = XCBuildConfiguration;
			baseConfigurationReference = 22CB684720C9C46A0031A349 /* Project-Debug.xcconfig */;
			buildSettings = {
			};
			name = Debug;
		};
		485009F61E2FF23C009B6610 /* Release */ = {
			isa = XCBuildConfiguration;
			baseConfigurationReference = 22CB683E20C9C46A0031A349 /* Project-Release.xcconfig */;
			buildSettings = {
			};
			name = Release;
		};
		485009F81E2FF23C009B6610 /* Debug */ = {
			isa = XCBuildConfiguration;
			baseConfigurationReference = 22CB684120C9C46A0031A349 /* ElectrodeContainer-Debug.xcconfig */;
			buildSettings = {
			};
			name = Debug;
		};
		485009F91E2FF23C009B6610 /* Release */ = {
			isa = XCBuildConfiguration;
			baseConfigurationReference = 22CB684220C9C46A0031A349 /* ElectrodeContainer-Release.xcconfig */;
			buildSettings = {
			};
			name = Release;
		};
		485009FB1E2FF23C009B6610 /* Debug */ = {
			isa = XCBuildConfiguration;
			baseConfigurationReference = 22CB684820C9C46B0031A349 /* ElectrodeContainerTests-Debug.xcconfig */;
			buildSettings = {
			};
			name = Debug;
		};
		485009FC1E2FF23C009B6610 /* Release */ = {
			isa = XCBuildConfiguration;
			baseConfigurationReference = 22CB684420C9C46A0031A349 /* ElectrodeContainerTests-Release.xcconfig */;
			buildSettings = {
			};
			name = Release;
		};
/* End XCBuildConfiguration section */

/* Begin XCConfigurationList section */
		485009DD1E2FF23B009B6610 /* Build configuration list for PBXProject "ElectrodeContainer" */ = {
			isa = XCConfigurationList;
			buildConfigurations = (
				485009F51E2FF23C009B6610 /* Debug */,
				303268E41EA8139700A41A8F /* QADeployment */,
				485009F61E2FF23C009B6610 /* Release */,
			);
			defaultConfigurationIsVisible = 0;
			defaultConfigurationName = Release;
		};
		485009F71E2FF23C009B6610 /* Build configuration list for PBXNativeTarget "ElectrodeContainer" */ = {
			isa = XCConfigurationList;
			buildConfigurations = (
				485009F81E2FF23C009B6610 /* Debug */,
				303268E51EA8139700A41A8F /* QADeployment */,
				485009F91E2FF23C009B6610 /* Release */,
			);
			defaultConfigurationIsVisible = 0;
			defaultConfigurationName = Release;
		};
		485009FA1E2FF23C009B6610 /* Build configuration list for PBXNativeTarget "ElectrodeContainerTests" */ = {
			isa = XCConfigurationList;
			buildConfigurations = (
				485009FB1E2FF23C009B6610 /* Debug */,
				303268E61EA8139700A41A8F /* QADeployment */,
				485009FC1E2FF23C009B6610 /* Release */,
			);
			defaultConfigurationIsVisible = 0;
			defaultConfigurationName = Release;
		};
/* End XCConfigurationList section */
	};
	rootObject = 485009DA1E2FF23B009B6610 /* Project object */;
}
